
Microsoft Visual Studio Solution File, Format Version 11.00
# Visual Studio 2010
Project("{FAE04EC0-301F-11D3-BF4B-00C04F79EFBC}") = "Assembly-CSharp", "Assembly-CSharp.csproj", "{8F0A54F0-5A0E-B6A5-A79C-E691566A2314}"
EndProject
Project("{FAE04EC0-301F-11D3-BF4B-00C04F79EFBC}") = "Oculus.VR", "Oculus.VR.csproj", "{387A789B-F859-721B-7D38-887E136517E8}"
EndProject
Project("{FAE04EC0-301F-11D3-BF4B-00C04F79EFBC}") = "Assembly-CSharp-Editor", "Assembly-CSharp-Editor.csproj", "{5DF68E04-0BB7-C8D7-4A0A-FBD72D9BCB20}"
EndProject
Project("{FAE04EC0-301F-11D3-BF4B-00C04F79EFBC}") = "Oculus.VR.Scripts.Editor", "Oculus.VR.Scripts.Editor.csproj", "{C80D8BE4-DAE9-916A-86C3-A2ADF692F3DB}"
EndProject
Project("{FAE04EC0-301F-11D3-BF4B-00C04F79EFBC}") = "Oculus.VR.Editor", "Oculus.VR.Editor.csproj", "{5FE815F0-E63C-79DF-FD04-67091BD5333B}"
EndProject
Global
	GlobalSection(SolutionConfigurationPlatforms) = preSolution
		Debug|Any CPU = Debug|Any CPU
		Release|Any CPU = Release|Any CPU
	EndGlobalSection
	GlobalSection(ProjectConfigurationPlatforms) = postSolution
		{8F0A54F0-5A0E-B6A5-A79C-E691566A2314}.Debug|Any CPU.ActiveCfg = Debug|Any CPU
		{8F0A54F0-5A0E-B6A5-A79C-E691566A2314}.Debug|Any CPU.Build.0 = Debug|Any CPU
		{8F0A54F0-5A0E-B6A5-A79C-E691566A2314}.Release|Any CPU.ActiveCfg = Release|Any CPU
		{8F0A54F0-5A0E-B6A5-A79C-E691566A2314}.Release|Any CPU.Build.0 = Release|Any CPU
		{387A789B-F859-721B-7D38-887E136517E8}.Debug|Any CPU.ActiveCfg = Debug|Any CPU
		{387A789B-F859-721B-7D38-887E136517E8}.Debug|Any CPU.Build.0 = Debug|Any CPU
		{387A789B-F859-721B-7D38-887E136517E8}.Release|Any CPU.ActiveCfg = Release|Any CPU
		{387A789B-F859-721B-7D38-887E136517E8}.Release|Any CPU.Build.0 = Release|Any CPU
		{5DF68E04-0BB7-C8D7-4A0A-FBD72D9BCB20}.Debug|Any CPU.ActiveCfg = Debug|Any CPU
		{5DF68E04-0BB7-C8D7-4A0A-FBD72D9BCB20}.Debug|Any CPU.Build.0 = Debug|Any CPU
		{5DF68E04-0BB7-C8D7-4A0A-FBD72D9BCB20}.Release|Any CPU.ActiveCfg = Release|Any CPU
		{5DF68E04-0BB7-C8D7-4A0A-FBD72D9BCB20}.Release|Any CPU.Build.0 = Release|Any CPU
		{C80D8BE4-DAE9-916A-86C3-A2ADF692F3DB}.Debug|Any CPU.ActiveCfg = Debug|Any CPU
		{C80D8BE4-DAE9-916A-86C3-A2ADF692F3DB}.Debug|Any CPU.Build.0 = Debug|Any CPU
		{C80D8BE4-DAE9-916A-86C3-A2ADF692F3DB}.Release|Any CPU.ActiveCfg = Release|Any CPU
		{C80D8BE4-DAE9-916A-86C3-A2ADF692F3DB}.Release|Any CPU.Build.0 = Release|Any CPU
		{5FE815F0-E63C-79DF-FD04-67091BD5333B}.Debug|Any CPU.ActiveCfg = Debug|Any CPU
		{5FE815F0-E63C-79DF-FD04-67091BD5333B}.Debug|Any CPU.Build.0 = Debug|Any CPU
		{5FE815F0-E63C-79DF-FD04-67091BD5333B}.Release|Any CPU.ActiveCfg = Release|Any CPU
		{5FE815F0-E63C-79DF-FD04-67091BD5333B}.Release|Any CPU.Build.0 = Release|Any CPU
	EndGlobalSection
	GlobalSection(SolutionProperties) = preSolution
		HideSolutionNode = FALSE
	EndGlobalSection
	GlobalSection(MonoDevelopProperties) = preSolution
		StartupItem = Assembly-CSharp.csproj
	EndGlobalSection
EndGlobal
